<?xml version="1.0" encoding="utf-8"?>
<Project ToolsVersion="4.0" xmlns="http://schemas.microsoft.com/developer/msbuild/2003">
  <ItemGroup>
    <Filter Include="Resource Files">
      <UniqueIdentifier>{67DA6AB6-F800-4c08-8B7A-83BB121AAD01}</UniqueIdentifier>
      <Extensions>rc;ico;cur;bmp;dlg;rc2;rct;bin;rgs;gif;jpg;jpeg;jpe;resx;tiff;tif;png;wav;mfcribbon-ms</Extensions>
    </Filter>
    <Filter Include="Syscalls">
      <UniqueIdentifier>{d2d1eee6-1b09-43d6-bc8d-e26801e16251}</UniqueIdentifier>
    </Filter>
    <Filter Include="Assembly">
      <UniqueIdentifier>{39f23273-0d32-404d-bc55-d46e12b02fad}</UniqueIdentifier>
    </Filter>
    <Filter Include="Utilities">
      <UniqueIdentifier>{49e4dc8e-24be-4cda-a98d-3e86d363b41f}</UniqueIdentifier>
    </Filter>
    <Filter Include="Includes">
      <UniqueIdentifier>{93995380-89BD-4b04-88EB-625FBE52EBFB}</UniqueIdentifier>
      <Extensions>h;hh;hpp;hxx;h++;hm;inl;inc;ipp;xsd</Extensions>
    </Filter>
    <Filter Include="Entrypoint">
      <UniqueIdentifier>{4FC737F1-C7A5-4376-A066-2A32D752A2FF}</UniqueIdentifier>
      <Extensions>cpp;c;cc;cxx;c++;cppm;ixx;def;odl;idl;hpj;bat;asm;asmx</Extensions>
    </Filter>
  </ItemGroup>
  <ItemGroup>
    <ClCompile Include="entrypoint.cpp">
      <Filter>Entrypoint</Filter>
    </ClCompile>
    <ClCompile Include="syscalls.cpp">
      <Filter>Syscalls</Filter>
    </ClCompile>
    <ClCompile Include="utilities.cpp">
      <Filter>Utilities</Filter>
    </ClCompile>
  </ItemGroup>
  <ItemGroup>
    <ClInclude Include="includes.h">
      <Filter>Includes</Filter>
    </ClInclude>
    <ClInclude Include="syscalls.h">
      <Filter>Syscalls</Filter>
    </ClInclude>
    <ClInclude Include="utilities.h">
      <Filter>Utilities</Filter>
    </ClInclude>
    <ClInclude Include="xor.h">
      <Filter>Includes</Filter>
    </ClInclude>
  </ItemGroup>
  <ItemGroup>
    <MASM Include="fsyscalls.asm">
      <Filter>Assembly</Filter>
    </MASM>
  </ItemGroup>
</Project>